
Microsoft Visual Studio Solution File, Format Version 12.00
# Visual Studio Version 17
VisualStudioVersion = 17.13.35818.85 d17.13
MinimumVisualStudioVersion = 10.0.40219.1
Project("{FAE04EC0-301F-11D3-BF4B-00C04F79EFBC}") = "ToDoManager", "ToDoManager\ToDoManager.csproj", "{0CF66330-0B9E-4C20-B36D-4ED285D392EC}"
EndProject
Project("{FAE04EC0-301F-11D3-BF4B-00C04F79EFBC}") = "ToDoManager.BLL", "ToDoManager.BLL\ToDoManager.BLL.csproj", "{B331158D-9720-4254-B5CD-FEA4532C1EF0}"
EndProject
Project("{FAE04EC0-301F-11D3-BF4B-00C04F79EFBC}") = "ToDoManager.API", "ToDoManager.API\ToDoManager.API.csproj", "{354FB2FD-3E8C-484A-A7DC-8255A777256B}"
EndProject
Global
	GlobalSection(SolutionConfigurationPlatforms) = preSolution
		Debug|Any CPU = Debug|Any CPU
		Release|Any CPU = Release|Any CPU
	EndGlobalSection
	GlobalSection(ProjectConfigurationPlatforms) = postSolution
		{0CF66330-0B9E-4C20-B36D-4ED285D392EC}.Debug|Any CPU.ActiveCfg = Debug|Any CPU
		{0CF66330-0B9E-4C20-B36D-4ED285D392EC}.Debug|Any CPU.Build.0 = Debug|Any CPU
		{0CF66330-0B9E-4C20-B36D-4ED285D392EC}.Release|Any CPU.ActiveCfg = Release|Any CPU
		{0CF66330-0B9E-4C20-B36D-4ED285D392EC}.Release|Any CPU.Build.0 = Release|Any CPU
		{B331158D-9720-4254-B5CD-FEA4532C1EF0}.Debug|Any CPU.ActiveCfg = Debug|Any CPU
		{B331158D-9720-4254-B5CD-FEA4532C1EF0}.Debug|Any CPU.Build.0 = Debug|Any CPU
		{B331158D-9720-4254-B5CD-FEA4532C1EF0}.Release|Any CPU.ActiveCfg = Release|Any CPU
		{B331158D-9720-4254-B5CD-FEA4532C1EF0}.Release|Any CPU.Build.0 = Release|Any CPU
		{354FB2FD-3E8C-484A-A7DC-8255A777256B}.Debug|Any CPU.ActiveCfg = Debug|Any CPU
		{354FB2FD-3E8C-484A-A7DC-8255A777256B}.Debug|Any CPU.Build.0 = Debug|Any CPU
		{354FB2FD-3E8C-484A-A7DC-8255A777256B}.Release|Any CPU.ActiveCfg = Release|Any CPU
		{354FB2FD-3E8C-484A-A7DC-8255A777256B}.Release|Any CPU.Build.0 = Release|Any CPU
	EndGlobalSection
	GlobalSection(SolutionProperties) = preSolution
		HideSolutionNode = FALSE
	EndGlobalSection
	GlobalSection(ExtensibilityGlobals) = postSolution
		SolutionGuid = {E2662F85-DFC6-42D4-9F75-28811442C65E}
	EndGlobalSection
EndGlobal
